
Microsoft Visual Studio Solution File, Format Version 12.00
# Visual Studio 15
VisualStudioVersion = 15.0.28307.539
MinimumVisualStudioVersion = 10.0.40219.1
Project("{FAE04EC0-301F-11D3-BF4B-00C04F79EFBC}") = "Outfit Builder", "Outfit Builder\Outfit Builder.csproj", "{514C4C4E-AB1E-4B97-A0A7-55731F130493}"
EndProject
Global
	GlobalSection(SolutionConfigurationPlatforms) = preSolution
		Debug|Any CPU = Debug|Any CPU
		Release|Any CPU = Release|Any CPU
	EndGlobalSection
	GlobalSection(ProjectConfigurationPlatforms) = postSolution
		{514C4C4E-AB1E-4B97-A0A7-55731F130493}.Debug|Any CPU.ActiveCfg = Debug|Any CPU
		{514C4C4E-AB1E-4B97-A0A7-55731F130493}.Debug|Any CPU.Build.0 = Debug|Any CPU
		{514C4C4E-AB1E-4B97-A0A7-55731F130493}.Release|Any CPU.ActiveCfg = Release|Any CPU
		{514C4C4E-AB1E-4B97-A0A7-55731F130493}.Release|Any CPU.Build.0 = Release|Any CPU
	EndGlobalSection
	GlobalSection(SolutionProperties) = preSolution
		HideSolutionNode = FALSE
	EndGlobalSection
	GlobalSection(ExtensibilityGlobals) = postSolution
		SolutionGuid = {62001D17-C889-4A39-8117-B5B309C99C83}
	EndGlobalSection
EndGlobal
